// !$*UTF8*$!
{
	archiveVersion = 1;
	classes = {
	};
	objectVersion = 46;
	objects = {

/* Begin PBXBuildFile section */
		2A0722BE1CE30DCD001F0570 /* MessageUI.framework in Frameworks */ = {isa = PBXBuildFile; fileRef = 2A0722BD1CE30DCD001F0570 /* MessageUI.framework */; };
		2A0722C31CE42BF9001F0570 /* Localizable.strings in Resources */ = {isa = PBXBuildFile; fileRef = 2A0722C51CE42BF9001F0570 /* Localizable.strings */; };
		2A21D29F1CB63BE000F569D5 /* main.m in Sources */ = {isa = PBXBuildFile; fileRef = 2A21D29E1CB63BE000F569D5 /* main.m */; };
		2A21D2A21CB63BE000F569D5 /* AppDelegate.m in Sources */ = {isa = PBXBuildFile; fileRef = 2A21D2A11CB63BE000F569D5 /* AppDelegate.m */; };
		2A21D2A81CB63BE000F569D5 /* Main.storyboard in Resources */ = {isa = PBXBuildFile; fileRef = 2A21D2A61CB63BE000F569D5 /* Main.storyboard */; };
		2A21D2AA1CB63BE000F569D5 /* Assets.xcassets in Resources */ = {isa = PBXBuildFile; fileRef = 2A21D2A91CB63BE000F569D5 /* Assets.xcassets */; };
		2A21D2AD1CB63BE000F569D5 /* LaunchScreen.storyboard in Resources */ = {isa = PBXBuildFile; fileRef = 2A21D2AB1CB63BE000F569D5 /* LaunchScreen.storyboard */; };
		2A21D3081CC75B5E00F569D5 /* MapKit.framework in Frameworks */ = {isa = PBXBuildFile; fileRef = 2A21D3071CC75B5E00F569D5 /* MapKit.framework */; };
		2A21D3121CCA05F900F569D5 /* QuartzCore.framework in Frameworks */ = {isa = PBXBuildFile; fileRef = 2A21D3111CCA05F900F569D5 /* QuartzCore.framework */; };
		4C8E6B908C5E0833842D7960 /* libPods-GoCheckin.a in Frameworks */ = {isa = PBXBuildFile; fileRef = 6AF1C1C00F7C4A0550D9120D /* libPods-GoCheckin.a */; };
		A619F7EA207723D200DC27E5 /* SVPulsingAnnotationView.m in Sources */ = {isa = PBXBuildFile; fileRef = A619F7E9207723D100DC27E5 /* SVPulsingAnnotationView.m */; };
		A619F825207727B300DC27E5 /* GoStationAnnotation.m in Sources */ = {isa = PBXBuildFile; fileRef = A619F81E207727B300DC27E5 /* GoStationAnnotation.m */; };
		A619F826207727B300DC27E5 /* MapOption.m in Sources */ = {isa = PBXBuildFile; fileRef = A619F81F207727B300DC27E5 /* MapOption.m */; };
		A619F827207727B300DC27E5 /* GoStation.m in Sources */ = {isa = PBXBuildFile; fileRef = A619F822207727B300DC27E5 /* GoStation.m */; };
		A619F82F2077288300DC27E5 /* HTTPClient.m in Sources */ = {isa = PBXBuildFile; fileRef = A619F82A2077288300DC27E5 /* HTTPClient.m */; };
		A619F8302077288300DC27E5 /* PersistencyManager.m in Sources */ = {isa = PBXBuildFile; fileRef = A619F82D2077288300DC27E5 /* PersistencyManager.m */; };
		A619F8312077288300DC27E5 /* APIManager.m in Sources */ = {isa = PBXBuildFile; fileRef = A619F82E2077288300DC27E5 /* APIManager.m */; };
		A619F8482077295E00DC27E5 /* GoUtility.m in Sources */ = {isa = PBXBuildFile; fileRef = A619F8422077295E00DC27E5 /* GoUtility.m */; };
		A619F8492077295E00DC27E5 /* UIColor+GoCheckin.m in Sources */ = {isa = PBXBuildFile; fileRef = A619F8462077295E00DC27E5 /* UIColor+GoCheckin.m */; };
		A619F84A2077295E00DC27E5 /* NSJSONSerialization+ParseString.m in Sources */ = {isa = PBXBuildFile; fileRef = A619F8472077295E00DC27E5 /* NSJSONSerialization+ParseString.m */; };
		A619F8632077296500DC27E5 /* SettingsViewController.m in Sources */ = {isa = PBXBuildFile; fileRef = A619F84C2077296500DC27E5 /* SettingsViewController.m */; };
		A619F8642077296500DC27E5 /* UpdateIntervalViewController.m in Sources */ = {isa = PBXBuildFile; fileRef = A619F84D2077296500DC27E5 /* UpdateIntervalViewController.m */; };
		A619F8652077296500DC27E5 /* UpdateIntervalTableViewCell.m in Sources */ = {isa = PBXBuildFile; fileRef = A619F84F2077296500DC27E5 /* UpdateIntervalTableViewCell.m */; };
		A619F8662077296500DC27E5 /* MapApplicationCell.m in Sources */ = {isa = PBXBuildFile; fileRef = A619F8532077296500DC27E5 /* MapApplicationCell.m */; };
		A619F8672077296500DC27E5 /* SwitchableTableViewCell.m in Sources */ = {isa = PBXBuildFile; fileRef = A619F8542077296500DC27E5 /* SwitchableTableViewCell.m */; };
		A619F8682077296500DC27E5 /* ViewController.m in Sources */ = {isa = PBXBuildFile; fileRef = A619F8552077296500DC27E5 /* ViewController.m */; };
		A619F8692077296500DC27E5 /* GoStationDetailView.xib in Resources */ = {isa = PBXBuildFile; fileRef = A619F8572077296500DC27E5 /* GoStationDetailView.xib */; };
		A619F86A2077296500DC27E5 /* UserInfoDetailView.xib in Resources */ = {isa = PBXBuildFile; fileRef = A619F8592077296500DC27E5 /* UserInfoDetailView.xib */; };
		A619F86B2077296500DC27E5 /* UserInfoDetailView.m in Sources */ = {isa = PBXBuildFile; fileRef = A619F85B2077296500DC27E5 /* UserInfoDetailView.m */; };
		A619F86C2077296500DC27E5 /* GoStationDetailView.m in Sources */ = {isa = PBXBuildFile; fileRef = A619F85C2077296500DC27E5 /* GoStationDetailView.m */; };
/* End PBXBuildFile section */

/* Begin PBXFileReference section */
		2A0722BD1CE30DCD001F0570 /* MessageUI.framework */ = {isa = PBXFileReference; lastKnownFileType = wrapper.framework; name = MessageUI.framework; path = System/Library/Frameworks/MessageUI.framework; sourceTree = SDKROOT; };
		2A0722C41CE42BF9001F0570 /* en */ = {isa = PBXFileReference; lastKnownFileType = text.plist.strings; name = en; path = en.lproj/Localizable.strings; sourceTree = "<group>"; };
		2A0722D01CE463B1001F0570 /* zh-Hant */ = {isa = PBXFileReference; lastKnownFileType = text.plist.strings; name = "zh-Hant"; path = "zh-Hant.lproj/Localizable.strings"; sourceTree = "<group>"; };
		2A1CB5BD1D619DC3003A1BD9 /* zh-Hant */ = {isa = PBXFileReference; lastKnownFileType = text.plist.strings; name = "zh-Hant"; path = "zh-Hant.lproj/Main.strings"; sourceTree = "<group>"; };
		2A21D29A1CB63BE000F569D5 /* GoCheckin.app */ = {isa = PBXFileReference; explicitFileType = wrapper.application; includeInIndex = 0; path = GoCheckin.app; sourceTree = BUILT_PRODUCTS_DIR; };
		2A21D29E1CB63BE000F569D5 /* main.m */ = {isa = PBXFileReference; lastKnownFileType = sourcecode.c.objc; path = main.m; sourceTree = "<group>"; };
		2A21D2A01CB63BE000F569D5 /* AppDelegate.h */ = {isa = PBXFileReference; lastKnownFileType = sourcecode.c.h; path = AppDelegate.h; sourceTree = "<group>"; };
		2A21D2A11CB63BE000F569D5 /* AppDelegate.m */ = {isa = PBXFileReference; lastKnownFileType = sourcecode.c.objc; path = AppDelegate.m; sourceTree = "<group>"; };
		2A21D2A71CB63BE000F569D5 /* Base */ = {isa = PBXFileReference; lastKnownFileType = file.storyboard; name = Base; path = Base.lproj/Main.storyboard; sourceTree = "<group>"; };
		2A21D2A91CB63BE000F569D5 /* Assets.xcassets */ = {isa = PBXFileReference; lastKnownFileType = folder.assetcatalog; path = Assets.xcassets; sourceTree = "<group>"; };
		2A21D2AC1CB63BE000F569D5 /* Base */ = {isa = PBXFileReference; lastKnownFileType = file.storyboard; name = Base; path = Base.lproj/LaunchScreen.storyboard; sourceTree = "<group>"; };
		2A21D2AE1CB63BE000F569D5 /* Info.plist */ = {isa = PBXFileReference; lastKnownFileType = text.plist.xml; path = Info.plist; sourceTree = "<group>"; };
		2A21D3071CC75B5E00F569D5 /* MapKit.framework */ = {isa = PBXFileReference; lastKnownFileType = wrapper.framework; name = MapKit.framework; path = System/Library/Frameworks/MapKit.framework; sourceTree = SDKROOT; };
		2A21D3111CCA05F900F569D5 /* QuartzCore.framework */ = {isa = PBXFileReference; lastKnownFileType = wrapper.framework; name = QuartzCore.framework; path = System/Library/Frameworks/QuartzCore.framework; sourceTree = SDKROOT; };
		6AF1C1C00F7C4A0550D9120D /* libPods-GoCheckin.a */ = {isa = PBXFileReference; explicitFileType = archive.ar; includeInIndex = 0; path = "libPods-GoCheckin.a"; sourceTree = BUILT_PRODUCTS_DIR; };
		6FFB360D9BEAF26B8DBF4FDD /* Pods-GoCheckin.debug.xcconfig */ = {isa = PBXFileReference; includeInIndex = 1; lastKnownFileType = text.xcconfig; name = "Pods-GoCheckin.debug.xcconfig"; path = "Pods/Target Support Files/Pods-GoCheckin/Pods-GoCheckin.debug.xcconfig"; sourceTree = "<group>"; };
		A619F7E8207723D100DC27E5 /* SVPulsingAnnotationView.h */ = {isa = PBXFileReference; fileEncoding = 4; lastKnownFileType = sourcecode.c.h; path = SVPulsingAnnotationView.h; sourceTree = "<group>"; };
		A619F7E9207723D100DC27E5 /* SVPulsingAnnotationView.m */ = {isa = PBXFileReference; fileEncoding = 4; lastKnownFileType = sourcecode.c.objc; path = SVPulsingAnnotationView.m; sourceTree = "<group>"; };
		A619F81E207727B300DC27E5 /* GoStationAnnotation.m */ = {isa = PBXFileReference; fileEncoding = 4; lastKnownFileType = sourcecode.c.objc; path = GoStationAnnotation.m; sourceTree = "<group>"; };
		A619F81F207727B300DC27E5 /* MapOption.m */ = {isa = PBXFileReference; fileEncoding = 4; lastKnownFileType = sourcecode.c.objc; path = MapOption.m; sourceTree = "<group>"; };
		A619F821207727B300DC27E5 /* GoStation.h */ = {isa = PBXFileReference; fileEncoding = 4; lastKnownFileType = sourcecode.c.h; path = GoStation.h; sourceTree = "<group>"; };
		A619F822207727B300DC27E5 /* GoStation.m */ = {isa = PBXFileReference; fileEncoding = 4; lastKnownFileType = sourcecode.c.objc; path = GoStation.m; sourceTree = "<group>"; };
		A619F823207727B300DC27E5 /* MapOption.h */ = {isa = PBXFileReference; fileEncoding = 4; lastKnownFileType = sourcecode.c.h; path = MapOption.h; sourceTree = "<group>"; };
		A619F824207727B300DC27E5 /* GoStationAnnotation.h */ = {isa = PBXFileReference; fileEncoding = 4; lastKnownFileType = sourcecode.c.h; path = GoStationAnnotation.h; sourceTree = "<group>"; };
		A619F8292077288300DC27E5 /* PersistencyManager.h */ = {isa = PBXFileReference; fileEncoding = 4; lastKnownFileType = sourcecode.c.h; path = PersistencyManager.h; sourceTree = "<group>"; };
		A619F82A2077288300DC27E5 /* HTTPClient.m */ = {isa = PBXFileReference; fileEncoding = 4; lastKnownFileType = sourcecode.c.objc; path = HTTPClient.m; sourceTree = "<group>"; };
		A619F82B2077288300DC27E5 /* APIManager.h */ = {isa = PBXFileReference; fileEncoding = 4; lastKnownFileType = sourcecode.c.h; path = APIManager.h; sourceTree = "<group>"; };
		A619F82C2077288300DC27E5 /* HTTPClient.h */ = {isa = PBXFileReference; fileEncoding = 4; lastKnownFileType = sourcecode.c.h; path = HTTPClient.h; sourceTree = "<group>"; };
		A619F82D2077288300DC27E5 /* PersistencyManager.m */ = {isa = PBXFileReference; fileEncoding = 4; lastKnownFileType = sourcecode.c.objc; path = PersistencyManager.m; sourceTree = "<group>"; };
		A619F82E2077288300DC27E5 /* APIManager.m */ = {isa = PBXFileReference; fileEncoding = 4; lastKnownFileType = sourcecode.c.objc; path = APIManager.m; sourceTree = "<group>"; };
		A619F8412077295E00DC27E5 /* GoUtility.h */ = {isa = PBXFileReference; fileEncoding = 4; lastKnownFileType = sourcecode.c.h; path = GoUtility.h; sourceTree = "<group>"; };
		A619F8422077295E00DC27E5 /* GoUtility.m */ = {isa = PBXFileReference; fileEncoding = 4; lastKnownFileType = sourcecode.c.objc; path = GoUtility.m; sourceTree = "<group>"; };
		A619F8442077295E00DC27E5 /* UIColor+GoCheckin.h */ = {isa = PBXFileReference; fileEncoding = 4; lastKnownFileType = sourcecode.c.h; path = "UIColor+GoCheckin.h"; sourceTree = "<group>"; };
		A619F8452077295E00DC27E5 /* NSJSONSerialization+ParseString.h */ = {isa = PBXFileReference; fileEncoding = 4; lastKnownFileType = sourcecode.c.h; path = "NSJSONSerialization+ParseString.h"; sourceTree = "<group>"; };
		A619F8462077295E00DC27E5 /* UIColor+GoCheckin.m */ = {isa = PBXFileReference; fileEncoding = 4; lastKnownFileType = sourcecode.c.objc; path = "UIColor+GoCheckin.m"; sourceTree = "<group>"; };
		A619F8472077295E00DC27E5 /* NSJSONSerialization+ParseString.m */ = {isa = PBXFileReference; fileEncoding = 4; lastKnownFileType = sourcecode.c.objc; path = "NSJSONSerialization+ParseString.m"; sourceTree = "<group>"; };
		A619F84C2077296500DC27E5 /* SettingsViewController.m */ = {isa = PBXFileReference; fileEncoding = 4; lastKnownFileType = sourcecode.c.objc; path = SettingsViewController.m; sourceTree = "<group>"; };
		A619F84D2077296500DC27E5 /* UpdateIntervalViewController.m */ = {isa = PBXFileReference; fileEncoding = 4; lastKnownFileType = sourcecode.c.objc; path = UpdateIntervalViewController.m; sourceTree = "<group>"; };
		A619F84F2077296500DC27E5 /* UpdateIntervalTableViewCell.m */ = {isa = PBXFileReference; fileEncoding = 4; lastKnownFileType = sourcecode.c.objc; path = UpdateIntervalTableViewCell.m; sourceTree = "<group>"; };
		A619F8502077296500DC27E5 /* MapApplicationCell.h */ = {isa = PBXFileReference; fileEncoding = 4; lastKnownFileType = sourcecode.c.h; path = MapApplicationCell.h; sourceTree = "<group>"; };
		A619F8512077296500DC27E5 /* SwitchableTableViewCell.h */ = {isa = PBXFileReference; fileEncoding = 4; lastKnownFileType = sourcecode.c.h; path = SwitchableTableViewCell.h; sourceTree = "<group>"; };
		A619F8522077296500DC27E5 /* UpdateIntervalTableViewCell.h */ = {isa = PBXFileReference; fileEncoding = 4; lastKnownFileType = sourcecode.c.h; path = UpdateIntervalTableViewCell.h; sourceTree = "<group>"; };
		A619F8532077296500DC27E5 /* MapApplicationCell.m */ = {isa = PBXFileReference; fileEncoding = 4; lastKnownFileType = sourcecode.c.objc; path = MapApplicationCell.m; sourceTree = "<group>"; };
		A619F8542077296500DC27E5 /* SwitchableTableViewCell.m */ = {isa = PBXFileReference; fileEncoding = 4; lastKnownFileType = sourcecode.c.objc; path = SwitchableTableViewCell.m; sourceTree = "<group>"; };
		A619F8552077296500DC27E5 /* ViewController.m */ = {isa = PBXFileReference; fileEncoding = 4; lastKnownFileType = sourcecode.c.objc; path = ViewController.m; sourceTree = "<group>"; };
		A619F8582077296500DC27E5 /* en */ = {isa = PBXFileReference; lastKnownFileType = file.xib; name = en; path = en.lproj/GoStationDetailView.xib; sourceTree = "<group>"; };
		A619F85A2077296500DC27E5 /* en */ = {isa = PBXFileReference; lastKnownFileType = file.xib; name = en; path = en.lproj/UserInfoDetailView.xib; sourceTree = "<group>"; };
		A619F85B2077296500DC27E5 /* UserInfoDetailView.m */ = {isa = PBXFileReference; fileEncoding = 4; lastKnownFileType = sourcecode.c.objc; path = UserInfoDetailView.m; sourceTree = "<group>"; };
		A619F85C2077296500DC27E5 /* GoStationDetailView.m */ = {isa = PBXFileReference; fileEncoding = 4; lastKnownFileType = sourcecode.c.objc; path = GoStationDetailView.m; sourceTree = "<group>"; };
		A619F85D2077296500DC27E5 /* zh-Hant */ = {isa = PBXFileReference; lastKnownFileType = file.xib; name = "zh-Hant"; path = "zh-Hant.lproj/UserInfoDetailView.xib"; sourceTree = "<group>"; };
		A619F85E2077296500DC27E5 /* GoStationDetailView.h */ = {isa = PBXFileReference; fileEncoding = 4; lastKnownFileType = sourcecode.c.h; path = GoStationDetailView.h; sourceTree = "<group>"; };
		A619F85F2077296500DC27E5 /* UserInfoDetailView.h */ = {isa = PBXFileReference; fileEncoding = 4; lastKnownFileType = sourcecode.c.h; path = UserInfoDetailView.h; sourceTree = "<group>"; };
		A619F8602077296500DC27E5 /* SettingsViewController.h */ = {isa = PBXFileReference; fileEncoding = 4; lastKnownFileType = sourcecode.c.h; path = SettingsViewController.h; sourceTree = "<group>"; };
		A619F8612077296500DC27E5 /* UpdateIntervalViewController.h */ = {isa = PBXFileReference; fileEncoding = 4; lastKnownFileType = sourcecode.c.h; path = UpdateIntervalViewController.h; sourceTree = "<group>"; };
		A619F8622077296500DC27E5 /* ViewController.h */ = {isa = PBXFileReference; fileEncoding = 4; lastKnownFileType = sourcecode.c.h; path = ViewController.h; sourceTree = "<group>"; };
		C4B031C1E673C68ADF42E9A2 /* Pods-GoCheckin.release.xcconfig */ = {isa = PBXFileReference; includeInIndex = 1; lastKnownFileType = text.xcconfig; name = "Pods-GoCheckin.release.xcconfig"; path = "Pods/Target Support Files/Pods-GoCheckin/Pods-GoCheckin.release.xcconfig"; sourceTree = "<group>"; };
/* End PBXFileReference section */

/* Begin PBXFrameworksBuildPhase section */
		2A21D2971CB63BE000F569D5 /* Frameworks */ = {
			isa = PBXFrameworksBuildPhase;
			buildActionMask = 2147483647;
			files = (
				2A0722BE1CE30DCD001F0570 /* MessageUI.framework in Frameworks */,
				2A21D3121CCA05F900F569D5 /* QuartzCore.framework in Frameworks */,
				2A21D3081CC75B5E00F569D5 /* MapKit.framework in Frameworks */,
				4C8E6B908C5E0833842D7960 /* libPods-GoCheckin.a in Frameworks */,
			);
			runOnlyForDeploymentPostprocessing = 0;
		};
/* End PBXFrameworksBuildPhase section */

/* Begin PBXGroup section */
		2A21D2911CB63BE000F569D5 = {
			isa = PBXGroup;
			children = (
				2A21D29C1CB63BE000F569D5 /* GoCheckin */,
				2A21D29B1CB63BE000F569D5 /* Products */,
				AF124DABF15F05C6278ECA60 /* Frameworks */,
				E49B2BFE714C9DE46FAD3136 /* Pods */,
			);
			sourceTree = "<group>";
		};
		2A21D29B1CB63BE000F569D5 /* Products */ = {
			isa = PBXGroup;
			children = (
				2A21D29A1CB63BE000F569D5 /* GoCheckin.app */,
			);
			name = Products;
			sourceTree = "<group>";
		};
		2A21D29C1CB63BE000F569D5 /* GoCheckin */ = {
			isa = PBXGroup;
			children = (
				A619F7E7207723D100DC27E5 /* Library */,
				A619F81D207727B300DC27E5 /* Model */,
				A619F8282077288300DC27E5 /* Service */,
				A619F8402077295E00DC27E5 /* Utilities */,
				A619F84B2077296500DC27E5 /* UI */,
				2A21D2A01CB63BE000F569D5 /* AppDelegate.h */,
				2A21D2A11CB63BE000F569D5 /* AppDelegate.m */,
				2A21D2A61CB63BE000F569D5 /* Main.storyboard */,
				2A21D2A91CB63BE000F569D5 /* Assets.xcassets */,
				2A21D2AB1CB63BE000F569D5 /* LaunchScreen.storyboard */,
				2A21D2AE1CB63BE000F569D5 /* Info.plist */,
				2A21D29D1CB63BE000F569D5 /* Supporting Files */,
				2A0722C51CE42BF9001F0570 /* Localizable.strings */,
			);
			path = GoCheckin;
			sourceTree = "<group>";
		};
		2A21D29D1CB63BE000F569D5 /* Supporting Files */ = {
			isa = PBXGroup;
			children = (
				2A21D29E1CB63BE000F569D5 /* main.m */,
			);
			name = "Supporting Files";
			sourceTree = "<group>";
		};
		A619F7E7207723D100DC27E5 /* Library */ = {
			isa = PBXGroup;
			children = (
				A619F7E8207723D100DC27E5 /* SVPulsingAnnotationView.h */,
				A619F7E9207723D100DC27E5 /* SVPulsingAnnotationView.m */,
			);
			path = Library;
			sourceTree = "<group>";
		};
		A619F81D207727B300DC27E5 /* Model */ = {
			isa = PBXGroup;
			children = (
				A619F823207727B300DC27E5 /* MapOption.h */,
				A619F81F207727B300DC27E5 /* MapOption.m */,
				A619F824207727B300DC27E5 /* GoStationAnnotation.h */,
				A619F81E207727B300DC27E5 /* GoStationAnnotation.m */,
				A619F820207727B300DC27E5 /* RealmModel */,
			);
			path = Model;
			sourceTree = "<group>";
		};
		A619F820207727B300DC27E5 /* RealmModel */ = {
			isa = PBXGroup;
			children = (
				A619F821207727B300DC27E5 /* GoStation.h */,
				A619F822207727B300DC27E5 /* GoStation.m */,
			);
			path = RealmModel;
			sourceTree = "<group>";
		};
		A619F8282077288300DC27E5 /* Service */ = {
			isa = PBXGroup;
			children = (
				A619F82B2077288300DC27E5 /* APIManager.h */,
				A619F82E2077288300DC27E5 /* APIManager.m */,
				A619F82C2077288300DC27E5 /* HTTPClient.h */,
				A619F82A2077288300DC27E5 /* HTTPClient.m */,
				A619F8292077288300DC27E5 /* PersistencyManager.h */,
				A619F82D2077288300DC27E5 /* PersistencyManager.m */,
			);
			path = Service;
			sourceTree = "<group>";
		};
		A619F8402077295E00DC27E5 /* Utilities */ = {
			isa = PBXGroup;
			children = (
				A619F8412077295E00DC27E5 /* GoUtility.h */,
				A619F8422077295E00DC27E5 /* GoUtility.m */,
				A619F8432077295E00DC27E5 /* Categories */,
			);
			path = Utilities;
			sourceTree = "<group>";
		};
		A619F8432077295E00DC27E5 /* Categories */ = {
			isa = PBXGroup;
			children = (
				A619F8452077295E00DC27E5 /* NSJSONSerialization+ParseString.h */,
				A619F8472077295E00DC27E5 /* NSJSONSerialization+ParseString.m */,
				A619F8442077295E00DC27E5 /* UIColor+GoCheckin.h */,
				A619F8462077295E00DC27E5 /* UIColor+GoCheckin.m */,
			);
			path = Categories;
			sourceTree = "<group>";
		};
		A619F84B2077296500DC27E5 /* UI */ = {
			isa = PBXGroup;
			children = (
				A619F8602077296500DC27E5 /* SettingsViewController.h */,
				A619F84C2077296500DC27E5 /* SettingsViewController.m */,
				A619F8612077296500DC27E5 /* UpdateIntervalViewController.h */,
				A619F84D2077296500DC27E5 /* UpdateIntervalViewController.m */,
				A619F8622077296500DC27E5 /* ViewController.h */,
				A619F8552077296500DC27E5 /* ViewController.m */,
				A619F8562077296500DC27E5 /* CustomViews */,
				A619F84E2077296500DC27E5 /* CustomCells */,
			);
			path = UI;
			sourceTree = "<group>";
		};
		A619F84E2077296500DC27E5 /* CustomCells */ = {
			isa = PBXGroup;
			children = (
				A619F8502077296500DC27E5 /* MapApplicationCell.h */,
				A619F8532077296500DC27E5 /* MapApplicationCell.m */,
				A619F8512077296500DC27E5 /* SwitchableTableViewCell.h */,
				A619F8542077296500DC27E5 /* SwitchableTableViewCell.m */,
				A619F8522077296500DC27E5 /* UpdateIntervalTableViewCell.h */,
				A619F84F2077296500DC27E5 /* UpdateIntervalTableViewCell.m */,
			);
			path = CustomCells;
			sourceTree = "<group>";
		};
		A619F8562077296500DC27E5 /* CustomViews */ = {
			isa = PBXGroup;
			children = (
				A619F85E2077296500DC27E5 /* GoStationDetailView.h */,
				A619F85C2077296500DC27E5 /* GoStationDetailView.m */,
				A619F8572077296500DC27E5 /* GoStationDetailView.xib */,
				A619F85F2077296500DC27E5 /* UserInfoDetailView.h */,
				A619F85B2077296500DC27E5 /* UserInfoDetailView.m */,
				A619F8592077296500DC27E5 /* UserInfoDetailView.xib */,
			);
			path = CustomViews;
			sourceTree = "<group>";
		};
		AF124DABF15F05C6278ECA60 /* Frameworks */ = {
			isa = PBXGroup;
			children = (
				2A0722BD1CE30DCD001F0570 /* MessageUI.framework */,
				2A21D3111CCA05F900F569D5 /* QuartzCore.framework */,
				2A21D3071CC75B5E00F569D5 /* MapKit.framework */,
				6AF1C1C00F7C4A0550D9120D /* libPods-GoCheckin.a */,
			);
			name = Frameworks;
			sourceTree = "<group>";
		};
		E49B2BFE714C9DE46FAD3136 /* Pods */ = {
			isa = PBXGroup;
			children = (
				6FFB360D9BEAF26B8DBF4FDD /* Pods-GoCheckin.debug.xcconfig */,
				C4B031C1E673C68ADF42E9A2 /* Pods-GoCheckin.release.xcconfig */,
			);
			name = Pods;
			sourceTree = "<group>";
		};
/* End PBXGroup section */

/* Begin PBXNativeTarget section */
		2A21D2991CB63BE000F569D5 /* GoCheckin */ = {
			isa = PBXNativeTarget;
			buildConfigurationList = 2A21D2B11CB63BE000F569D5 /* Build configuration list for PBXNativeTarget "GoCheckin" */;
			buildPhases = (
				2687A0C2E99ABBF63AF802A1 /* [CP] Check Pods Manifest.lock */,
				2A21D2961CB63BE000F569D5 /* Sources */,
				2A21D2971CB63BE000F569D5 /* Frameworks */,
				2A21D2981CB63BE000F569D5 /* Resources */,
				FA52D714A442C8014E7E2942 /* [CP] Embed Pods Frameworks */,
				D3ABBB65E1DB7FCAB4DF3876 /* [CP] Copy Pods Resources */,
			);
			buildRules = (
			);
			dependencies = (
			);
			name = GoCheckin;
			productName = GoCheckin;
			productReference = 2A21D29A1CB63BE000F569D5 /* GoCheckin.app */;
			productType = "com.apple.product-type.application";
		};
/* End PBXNativeTarget section */

/* Begin PBXProject section */
		2A21D2921CB63BE000F569D5 /* Project object */ = {
			isa = PBXProject;
			attributes = {
				LastUpgradeCheck = 0900;
				TargetAttributes = {
					2A21D2991CB63BE000F569D5 = {
						CreatedOnToolsVersion = 7.3;
						DevelopmentTeam = N47TZXJ6JN;
						ProvisioningStyle = Automatic;
					};
				};
			};
			buildConfigurationList = 2A21D2951CB63BE000F569D5 /* Build configuration list for PBXProject "GoCheckin" */;
			compatibilityVersion = "Xcode 3.2";
			developmentRegion = English;
			hasScannedForEncodings = 0;
			knownRegions = (
				en,
				Base,
				"zh-Hant",
			);
			mainGroup = 2A21D2911CB63BE000F569D5;
			productRefGroup = 2A21D29B1CB63BE000F569D5 /* Products */;
			projectDirPath = "";
			projectRoot = "";
			targets = (
				2A21D2991CB63BE000F569D5 /* GoCheckin */,
			);
		};
/* End PBXProject section */

/* Begin PBXResourcesBuildPhase section */
		2A21D2981CB63BE000F569D5 /* Resources */ = {
			isa = PBXResourcesBuildPhase;
			buildActionMask = 2147483647;
			files = (
				A619F86A2077296500DC27E5 /* UserInfoDetailView.xib in Resources */,
				2A0722C31CE42BF9001F0570 /* Localizable.strings in Resources */,
				A619F8692077296500DC27E5 /* GoStationDetailView.xib in Resources */,
				2A21D2AD1CB63BE000F569D5 /* LaunchScreen.storyboard in Resources */,
				2A21D2AA1CB63BE000F569D5 /* Assets.xcassets in Resources */,
				2A21D2A81CB63BE000F569D5 /* Main.storyboard in Resources */,
			);
			runOnlyForDeploymentPostprocessing = 0;
		};
/* End PBXResourcesBuildPhase section */

/* Begin PBXShellScriptBuildPhase section */
		2687A0C2E99ABBF63AF802A1 /* [CP] Check Pods Manifest.lock */ = {
			isa = PBXShellScriptBuildPhase;
			buildActionMask = 2147483647;
			files = (
			);
			inputPaths = (
				"${PODS_PODFILE_DIR_PATH}/Podfile.lock",
				"${PODS_ROOT}/Manifest.lock",
			);
			name = "[CP] Check Pods Manifest.lock";
			outputPaths = (
				"$(DERIVED_FILE_DIR)/Pods-GoCheckin-checkManifestLockResult.txt",
			);
			runOnlyForDeploymentPostprocessing = 0;
			shellPath = /bin/sh;
			shellScript = "diff \"${PODS_PODFILE_DIR_PATH}/Podfile.lock\" \"${PODS_ROOT}/Manifest.lock\" > /dev/null\nif [ $? != 0 ] ; then\n    # print error to STDERR\n    echo \"error: The sandbox is not in sync with the Podfile.lock. Run 'pod install' or update your CocoaPods installation.\" >&2\n    exit 1\nfi\n# This output is used by Xcode 'outputs' to avoid re-running this script phase.\necho \"SUCCESS\" > \"${SCRIPT_OUTPUT_FILE_0}\"\n";
			showEnvVarsInLog = 0;
		};
		D3ABBB65E1DB7FCAB4DF3876 /* [CP] Copy Pods Resources */ = {
			isa = PBXShellScriptBuildPhase;
			buildActionMask = 2147483647;
			files = (
			);
			inputPaths = (
			);
			name = "[CP] Copy Pods Resources";
			outputPaths = (
			);
			runOnlyForDeploymentPostprocessing = 0;
			shellPath = /bin/sh;
			shellScript = "\"${SRCROOT}/Pods/Target Support Files/Pods-GoCheckin/Pods-GoCheckin-resources.sh\"\n";
			showEnvVarsInLog = 0;
		};
		FA52D714A442C8014E7E2942 /* [CP] Embed Pods Frameworks */ = {
			isa = PBXShellScriptBuildPhase;
			buildActionMask = 2147483647;
			files = (
			);
			inputPaths = (
			);
			name = "[CP] Embed Pods Frameworks";
			outputPaths = (
			);
			runOnlyForDeploymentPostprocessing = 0;
			shellPath = /bin/sh;
			shellScript = "\"${SRCROOT}/Pods/Target Support Files/Pods-GoCheckin/Pods-GoCheckin-frameworks.sh\"\n";
			showEnvVarsInLog = 0;
		};
/* End PBXShellScriptBuildPhase section */

/* Begin PBXSourcesBuildPhase section */
		2A21D2961CB63BE000F569D5 /* Sources */ = {
			isa = PBXSourcesBuildPhase;
			buildActionMask = 2147483647;
			files = (
				A619F8682077296500DC27E5 /* ViewController.m in Sources */,
				A619F8312077288300DC27E5 /* APIManager.m in Sources */,
				A619F8662077296500DC27E5 /* MapApplicationCell.m in Sources */,
				A619F8652077296500DC27E5 /* UpdateIntervalTableViewCell.m in Sources */,
				A619F827207727B300DC27E5 /* GoStation.m in Sources */,
				A619F84A2077295E00DC27E5 /* NSJSONSerialization+ParseString.m in Sources */,
				2A21D2A21CB63BE000F569D5 /* AppDelegate.m in Sources */,
				A619F8492077295E00DC27E5 /* UIColor+GoCheckin.m in Sources */,
				A619F86B2077296500DC27E5 /* UserInfoDetailView.m in Sources */,
				A619F7EA207723D200DC27E5 /* SVPulsingAnnotationView.m in Sources */,
				A619F86C2077296500DC27E5 /* GoStationDetailView.m in Sources */,
				A619F8672077296500DC27E5 /* SwitchableTableViewCell.m in Sources */,
				A619F825207727B300DC27E5 /* GoStationAnnotation.m in Sources */,
				A619F826207727B300DC27E5 /* MapOption.m in Sources */,
				A619F8642077296500DC27E5 /* UpdateIntervalViewController.m in Sources */,
				A619F8482077295E00DC27E5 /* GoUtility.m in Sources */,
				2A21D29F1CB63BE000F569D5 /* main.m in Sources */,
				A619F8302077288300DC27E5 /* PersistencyManager.m in Sources */,
				A619F82F2077288300DC27E5 /* HTTPClient.m in Sources */,
				A619F8632077296500DC27E5 /* SettingsViewController.m in Sources */,
			);
			runOnlyForDeploymentPostprocessing = 0;
		};
/* End PBXSourcesBuildPhase section */

/* Begin PBXVariantGroup section */
		2A0722C51CE42BF9001F0570 /* Localizable.strings */ = {
			isa = PBXVariantGroup;
			children = (
				2A0722C41CE42BF9001F0570 /* en */,
				2A0722D01CE463B1001F0570 /* zh-Hant */,
			);
			name = Localizable.strings;
			sourceTree = "<group>";
		};
		2A21D2A61CB63BE000F569D5 /* Main.storyboard */ = {
			isa = PBXVariantGroup;
			children = (
				2A21D2A71CB63BE000F569D5 /* Base */,
				2A1CB5BD1D619DC3003A1BD9 /* zh-Hant */,
			);
			name = Main.storyboard;
			sourceTree = "<group>";
		};
		2A21D2AB1CB63BE000F569D5 /* LaunchScreen.storyboard */ = {
			isa = PBXVariantGroup;
			children = (
				2A21D2AC1CB63BE000F569D5 /* Base */,
			);
			name = LaunchScreen.storyboard;
			sourceTree = "<group>";
		};
		A619F8572077296500DC27E5 /* GoStationDetailView.xib */ = {
			isa = PBXVariantGroup;
			children = (
				A619F8582077296500DC27E5 /* en */,
			);
			name = GoStationDetailView.xib;
			sourceTree = "<group>";
		};
		A619F8592077296500DC27E5 /* UserInfoDetailView.xib */ = {
			isa = PBXVariantGroup;
			children = (
				A619F85A2077296500DC27E5 /* en */,
				A619F85D2077296500DC27E5 /* zh-Hant */,
			);
			name = UserInfoDetailView.xib;
			sourceTree = "<group>";
		};
/* End PBXVariantGroup section */

/* Begin XCBuildConfiguration section */
		2A21D2AF1CB63BE000F569D5 /* Debug */ = {
			isa = XCBuildConfiguration;
			buildSettings = {
				ALWAYS_SEARCH_USER_PATHS = NO;
				CLANG_ANALYZER_LOCALIZABILITY_NONLOCALIZED = YES;
				CLANG_ANALYZER_NONNULL = YES;
				CLANG_CXX_LANGUAGE_STANDARD = "gnu++0x";
				CLANG_CXX_LIBRARY = "libc++";
				CLANG_ENABLE_MODULES = YES;
				CLANG_ENABLE_OBJC_ARC = YES;
				CLANG_WARN_BLOCK_CAPTURE_AUTORELEASING = YES;
				CLANG_WARN_BOOL_CONVERSION = YES;
				CLANG_WARN_COMMA = YES;
				CLANG_WARN_CONSTANT_CONVERSION = YES;
				CLANG_WARN_DIRECT_OBJC_ISA_USAGE = YES_ERROR;
				CLANG_WARN_EMPTY_BODY = YES;
				CLANG_WARN_ENUM_CONVERSION = YES;
				CLANG_WARN_INFINITE_RECURSION = YES;
				CLANG_WARN_INT_CONVERSION = YES;
				CLANG_WARN_NON_LITERAL_NULL_CONVERSION = YES;
				CLANG_WARN_OBJC_LITERAL_CONVERSION = YES;
				CLANG_WARN_OBJC_ROOT_CLASS = YES_ERROR;
				CLANG_WARN_RANGE_LOOP_ANALYSIS = YES;
				CLANG_WARN_STRICT_PROTOTYPES = YES;
				CLANG_WARN_SUSPICIOUS_MOVE = YES;
				CLANG_WARN_UNREACHABLE_CODE = YES;
				CLANG_WARN__DUPLICATE_METHOD_MATCH = YES;
				"CODE_SIGN_IDENTITY[sdk=iphoneos*]" = "iPhone Developer";
				COPY_PHASE_STRIP = NO;
				DEBUG_INFORMATION_FORMAT = dwarf;
				ENABLE_STRICT_OBJC_MSGSEND = YES;
				ENABLE_TESTABILITY = YES;
				GCC_C_LANGUAGE_STANDARD = gnu99;
				GCC_DYNAMIC_NO_PIC = NO;
				GCC_NO_COMMON_BLOCKS = YES;
				GCC_OPTIMIZATION_LEVEL = 0;
				GCC_PREPROCESSOR_DEFINITIONS = (
					"DEBUG=1",
					"$(inherited)",
				);
				GCC_WARN_64_TO_32_BIT_CONVERSION = YES;
				GCC_WARN_ABOUT_RETURN_TYPE = YES_ERROR;
				GCC_WARN_UNDECLARED_SELECTOR = YES;
				GCC_WARN_UNINITIALIZED_AUTOS = YES_AGGRESSIVE;
				GCC_WARN_UNUSED_FUNCTION = YES;
				GCC_WARN_UNUSED_VARIABLE = YES;
				IPHONEOS_DEPLOYMENT_TARGET = 9.3;
				MTL_ENABLE_DEBUG_INFO = YES;
				ONLY_ACTIVE_ARCH = YES;
				SDKROOT = iphoneos;
			};
			name = Debug;
		};
		2A21D2B01CB63BE000F569D5 /* Release */ = {
			isa = XCBuildConfiguration;
			buildSettings = {
				ALWAYS_SEARCH_USER_PATHS = NO;
				CLANG_ANALYZER_LOCALIZABILITY_NONLOCALIZED = YES;
				CLANG_ANALYZER_NONNULL = YES;
				CLANG_CXX_LANGUAGE_STANDARD = "gnu++0x";
				CLANG_CXX_LIBRARY = "libc++";
				CLANG_ENABLE_MODULES = YES;
				CLANG_ENABLE_OBJC_ARC = YES;
				CLANG_WARN_BLOCK_CAPTURE_AUTORELEASING = YES;
				CLANG_WARN_BOOL_CONVERSION = YES;
				CLANG_WARN_COMMA = YES;
				CLANG_WARN_CONSTANT_CONVERSION = YES;
				CLANG_WARN_DIRECT_OBJC_ISA_USAGE = YES_ERROR;
				CLANG_WARN_EMPTY_BODY = YES;
				CLANG_WARN_ENUM_CONVERSION = YES;
				CLANG_WARN_INFINITE_RECURSION = YES;
				CLANG_WARN_INT_CONVERSION = YES;
				CLANG_WARN_NON_LITERAL_NULL_CONVERSION = YES;
				CLANG_WARN_OBJC_LITERAL_CONVERSION = YES;
				CLANG_WARN_OBJC_ROOT_CLASS = YES_ERROR;
				CLANG_WARN_RANGE_LOOP_ANALYSIS = YES;
				CLANG_WARN_STRICT_PROTOTYPES = YES;
				CLANG_WARN_SUSPICIOUS_MOVE = YES;
				CLANG_WARN_UNREACHABLE_CODE = YES;
				CLANG_WARN__DUPLICATE_METHOD_MATCH = YES;
				"CODE_SIGN_IDENTITY[sdk=iphoneos*]" = "iPhone Developer";
				COPY_PHASE_STRIP = NO;
				DEBUG_INFORMATION_FORMAT = "dwarf-with-dsym";
				ENABLE_NS_ASSERTIONS = NO;
				ENABLE_STRICT_OBJC_MSGSEND = YES;
				GCC_C_LANGUAGE_STANDARD = gnu99;
				GCC_NO_COMMON_BLOCKS = YES;
				GCC_WARN_64_TO_32_BIT_CONVERSION = YES;
				GCC_WARN_ABOUT_RETURN_TYPE = YES_ERROR;
				GCC_WARN_UNDECLARED_SELECTOR = YES;
				GCC_WARN_UNINITIALIZED_AUTOS = YES_AGGRESSIVE;
				GCC_WARN_UNUSED_FUNCTION = YES;
				GCC_WARN_UNUSED_VARIABLE = YES;
				IPHONEOS_DEPLOYMENT_TARGET = 9.3;
				MTL_ENABLE_DEBUG_INFO = NO;
				SDKROOT = iphoneos;
				VALIDATE_PRODUCT = YES;
			};
			name = Release;
		};
		2A21D2B21CB63BE000F569D5 /* Debug */ = {
			isa = XCBuildConfiguration;
			baseConfigurationReference = 6FFB360D9BEAF26B8DBF4FDD /* Pods-GoCheckin.debug.xcconfig */;
			buildSettings = {
				ASSETCATALOG_COMPILER_APPICON_NAME = AppIcon;
				CODE_SIGN_IDENTITY = "iPhone Developer";
				"CODE_SIGN_IDENTITY[sdk=iphoneos*]" = "iPhone Developer";
				DEVELOPMENT_TEAM = N47TZXJ6JN;
				INFOPLIST_FILE = GoCheckin/Info.plist;
				IPHONEOS_DEPLOYMENT_TARGET = 9.1;
				LD_RUNPATH_SEARCH_PATHS = "$(inherited) @executable_path/Frameworks";
				PRODUCT_BUNDLE_IDENTIFIER = com.mikechou.gocheckin;
				PRODUCT_NAME = "$(TARGET_NAME)";
				PROVISIONING_PROFILE = "";
			};
			name = Debug;
		};
		2A21D2B31CB63BE000F569D5 /* Release */ = {
			isa = XCBuildConfiguration;
			baseConfigurationReference = C4B031C1E673C68ADF42E9A2 /* Pods-GoCheckin.release.xcconfig */;
			buildSettings = {
				ASSETCATALOG_COMPILER_APPICON_NAME = AppIcon;
				CODE_SIGN_IDENTITY = "iPhone Developer";
				"CODE_SIGN_IDENTITY[sdk=iphoneos*]" = "iPhone Developer";
				DEVELOPMENT_TEAM = N47TZXJ6JN;
				INFOPLIST_FILE = GoCheckin/Info.plist;
				IPHONEOS_DEPLOYMENT_TARGET = 9.1;
				LD_RUNPATH_SEARCH_PATHS = "$(inherited) @executable_path/Frameworks";
				PRODUCT_BUNDLE_IDENTIFIER = com.mikechou.gocheckin;
				PRODUCT_NAME = "$(TARGET_NAME)";
				PROVISIONING_PROFILE = "";
			};
			name = Release;
		};
/* End XCBuildConfiguration section */

/* Begin XCConfigurationList section */
		2A21D2951CB63BE000F569D5 /* Build configuration list for PBXProject "GoCheckin" */ = {
			isa = XCConfigurationList;
			buildConfigurations = (
				2A21D2AF1CB63BE000F569D5 /* Debug */,
				2A21D2B01CB63BE000F569D5 /* Release */,
			);
			defaultConfigurationIsVisible = 0;
			defaultConfigurationName = Release;
		};
		2A21D2B11CB63BE000F569D5 /* Build configuration list for PBXNativeTarget "GoCheckin" */ = {
			isa = XCConfigurationList;
			buildConfigurations = (
				2A21D2B21CB63BE000F569D5 /* Debug */,
				2A21D2B31CB63BE000F569D5 /* Release */,
			);
			defaultConfigurationIsVisible = 0;
			defaultConfigurationName = Release;
		};
/* End XCConfigurationList section */
	};
	rootObject = 2A21D2921CB63BE000F569D5 /* Project object */;
}
